[[package]]
category = "dev"
description = "A small Python module for determining appropriate platform-specific dirs, e.g. a \"user data dir\"."
name = "appdirs"
optional = false
python-versions = "*"
version = "1.4.3"

[[package]]
category = "main"
description = "The secure Argon2 password hashing algorithm."
name = "argon2-cffi"
optional = false
python-versions = "*"
version = "19.2.0"

[package.dependencies]
cffi = ">=1.0.0"
six = "*"

[package.extras]
dev = ["coverage", "hypothesis", "pytest", "sphinx", "wheel", "pre-commit"]
docs = ["sphinx"]
tests = ["coverage", "hypothesis", "pytest"]

[[package]]
category = "main"
description = "ASGI specs, helper code, and adapters"
name = "asgiref"
optional = false
python-versions = "*"
version = "3.2.3"

[package.extras]
tests = ["pytest (>=4.3.0,<4.4.0)", "pytest-asyncio (>=0.10.0,<0.11.0)"]

[[package]]
category = "dev"
description = "Atomic file writes."
name = "atomicwrites"
optional = false
python-versions = ">=2.7, !=3.0.*, !=3.1.*, !=3.2.*, !=3.3.*"
version = "1.3.0"

[[package]]
category = "dev"
description = "Classes Without Boilerplate"
name = "attrs"
optional = false
python-versions = ">=2.7, !=3.0.*, !=3.1.*, !=3.2.*, !=3.3.*"
version = "19.3.0"

[package.extras]
azure-pipelines = ["coverage", "hypothesis", "pympler", "pytest (>=4.3.0)", "six", "zope.interface", "pytest-azurepipelines"]
dev = ["coverage", "hypothesis", "pympler", "pytest (>=4.3.0)", "six", "zope.interface", "sphinx", "pre-commit"]
docs = ["sphinx", "zope.interface"]
tests = ["coverage", "hypothesis", "pympler", "pytest (>=4.3.0)", "six", "zope.interface"]

[[package]]
category = "dev"
description = "The uncompromising code formatter."
name = "black"
optional = false
python-versions = ">=3.6"
version = "18.9b0"

[package.dependencies]
appdirs = "*"
attrs = ">=17.4.0"
click = ">=6.5"
toml = ">=0.9.4"

[package.extras]
d = ["aiohttp (>=3.3.2)"]

[[package]]
category = "main"
description = "Python package for providing Mozilla's CA Bundle."
name = "certifi"
optional = false
python-versions = "*"
version = "2019.11.28"

[[package]]
category = "main"
description = "Foreign Function Interface for Python calling C code."
name = "cffi"
optional = false
python-versions = "*"
version = "1.13.2"

[package.dependencies]
pycparser = "*"

[[package]]
category = "main"
description = "Universal encoding detector for Python 2 and 3"
name = "chardet"
optional = false
python-versions = "*"
version = "3.0.4"

[[package]]
category = "dev"
description = "Composable command line interface toolkit"
name = "click"
optional = false
python-versions = ">=2.7, !=3.0.*, !=3.1.*, !=3.2.*, !=3.3.*"
version = "7.0"

[[package]]
category = "dev"
description = "Cross-platform colored terminal text."
marker = "sys_platform == \"win32\""
name = "colorama"
optional = false
python-versions = ">=2.7, !=3.0.*, !=3.1.*, !=3.2.*, !=3.3.*, !=3.4.*"
version = "0.4.3"

[[package]]
category = "main"
description = "cryptography is a package which provides cryptographic recipes and primitives to Python developers."
name = "cryptography"
optional = false
python-versions = ">=2.7,!=3.0.*,!=3.1.*,!=3.2.*,!=3.3.*"
version = "2.8"

[package.dependencies]
cffi = ">=1.8,<1.11.3 || >1.11.3"
six = ">=1.4.1"

[package.extras]
docs = ["sphinx (>=1.6.5,<1.8.0 || >1.8.0)", "sphinx-rtd-theme"]
docstest = ["doc8", "pyenchant (>=1.6.11)", "twine (>=1.12.0)", "sphinxcontrib-spelling (>=4.0.1)"]
idna = ["idna (>=2.1)"]
pep8test = ["flake8", "flake8-import-order", "pep8-naming"]
test = ["pytest (>=3.6.0,<3.9.0 || >3.9.0,<3.9.1 || >3.9.1,<3.9.2 || >3.9.2)", "pretend", "iso8601", "pytz", "hypothesis (>=1.11.4,<3.79.2 || >3.79.2)"]

[[package]]
category = "main"
description = "A high-level Python Web framework that encourages rapid development and clean, pragmatic design."
name = "django"
optional = false
python-versions = ">=3.6"
version = "3.0.2"

[package.dependencies]
asgiref = ">=3.2,<4.0"
pytz = "*"
sqlparse = ">=0.2.2"

[package.extras]
argon2 = ["argon2-cffi (>=16.1.0)"]
bcrypt = ["bcrypt"]

[[package]]
category = "main"
description = "Provides a country field for Django models."
name = "django-countries"
optional = false
python-versions = "*"
version = "5.5"

[package.dependencies]
six = "*"

[package.extras]
dev = ["tox", "django", "pytest", "pytest-django", "djangorestframework", "mock"]
maintainer = ["transifex-client", "zest.releaser", "django"]
test = ["pytest", "pytest-django", "pytest-cov", "mock"]

[[package]]
category = "dev"
description = "A configurable set of panels that display various debug information about the current request/response."
name = "django-debug-toolbar"
optional = false
python-versions = ">=3.5"
version = "2.1"

[package.dependencies]
Django = ">=1.11"
sqlparse = ">=0.2.0"

[[package]]
category = "main"
description = "Django-environ allows you to utilize 12factor inspired environment variables to configure your Django application."
name = "django-environ"
optional = false
python-versions = "*"
version = "0.4.5"

[[package]]
category = "main"
description = "Django-filter is a reusable Django application for allowing users to filter querysets dynamically."
name = "django-filter"
optional = false
python-versions = ">=3.4"
version = "2.2.0"

[package.dependencies]
Django = ">=1.11"

[[package]]
category = "main"
description = "script tag with additional attributes for django.forms.Media"
name = "django-js-asset"
optional = false
python-versions = "*"
version = "1.2.2"

[[package]]
category = "main"
description = "Adds support for using money and currency fields in django models and forms. Uses py-moneyed as the money implementation."
name = "django-money"
optional = false
python-versions = ">=3.5"
version = "1.0"

[package.dependencies]
Django = ">=1.11"
py-moneyed = ">=0.8"
setuptools = "*"

[package.extras]
exchange = ["certifi"]
test = ["pytest (>=3.1.0)", "pytest-django", "pytest-pythonpath", "pytest-cov", "django-reversion"]

[[package]]
category = "main"
description = "Utilities for implementing Modified Preorder Tree Traversal with your Django Models and working with trees of Model instances."
name = "django-mptt"
optional = false
python-versions = ">=3.5"
version = "0.10.0"

[package.dependencies]
Django = ">=1.11"
django-js-asset = "*"

[[package]]
category = "main"
description = "Create a set of REST API endpoints for Authentication and Registration"
name = "django-rest-auth"
optional = false
python-versions = "*"
version = "0.9.5"

[package.dependencies]
Django = ">=1.8.0"
djangorestframework = ">=3.1.3"
six = ">=1.9.0"

[package.extras]
with_social = ["django-allauth (>=0.25.0)"]

[[package]]
category = "main"
description = "Authentication for django rest framework"
name = "django-rest-knox"
optional = false
python-versions = "*"
version = "4.1.0"

[package.dependencies]
cryptography = "*"
django = "*"
djangorestframework = "*"

[[package]]
category = "main"
description = "Web APIs for Django, made easy."
name = "djangorestframework"
optional = false
python-versions = ">=3.5"
version = "3.11.0"

[package.dependencies]
django = ">=1.11"

[[package]]
category = "dev"
description = "Discover and load entry points from installed packages."
name = "entrypoints"
optional = false
python-versions = ">=2.7"
version = "0.3"

[[package]]
category = "main"
description = "An implementation of lxml.xmlfile for the standard library"
name = "et-xmlfile"
optional = false
python-versions = "*"
version = "1.0.1"

[[package]]
category = "dev"
description = "the modular source code checker: pep8, pyflakes and co"
name = "flake8"
optional = false
python-versions = ">=2.7, !=3.0.*, !=3.1.*, !=3.2.*, !=3.3.*"
version = "3.7.9"

[package.dependencies]
entrypoints = ">=0.3.0,<0.4.0"
mccabe = ">=0.6.0,<0.7.0"
pycodestyle = ">=2.5.0,<2.6.0"
pyflakes = ">=2.1.0,<2.2.0"

[[package]]
category = "main"
description = "Internationalized Domain Names in Applications (IDNA)"
name = "idna"
optional = false
python-versions = ">=2.7, !=3.0.*, !=3.1.*, !=3.2.*, !=3.3.*"
version = "2.8"

[[package]]
category = "dev"
description = "Read metadata from Python packages"
marker = "python_version < \"3.8\""
name = "importlib-metadata"
optional = false
python-versions = "!=3.0.*,!=3.1.*,!=3.2.*,!=3.3.*,!=3.4.*,>=2.7"
version = "1.4.0"

[package.dependencies]
zipp = ">=0.5"

[package.extras]
docs = ["sphinx", "rst.linker"]
testing = ["packaging", "importlib-resources"]

[[package]]
category = "main"
description = "Julian dates from proleptic Gregorian and Julian calendars."
name = "jdcal"
optional = false
python-versions = "*"
version = "1.4.1"

[[package]]
category = "dev"
description = "McCabe checker, plugin for flake8"
name = "mccabe"
optional = false
python-versions = "*"
version = "0.6.1"

[[package]]
category = "dev"
description = "More routines for operating on iterables, beyond itertools"
name = "more-itertools"
optional = false
python-versions = ">=3.5"
version = "8.1.0"

[[package]]
category = "main"
description = "A Python library to read/write Excel 2010 xlsx/xlsm files"
name = "openpyxl"
optional = false
python-versions = ">=3.6,"
version = "3.0.3"

[package.dependencies]
et_xmlfile = "*"
jdcal = "*"

[[package]]
category = "dev"
description = "plugin and hook calling mechanisms for python"
name = "pluggy"
optional = false
python-versions = ">=2.7, !=3.0.*, !=3.1.*, !=3.2.*, !=3.3.*"
version = "0.13.1"

[package.dependencies]
[package.dependencies.importlib-metadata]
python = "<3.8"
version = ">=0.12"

[package.extras]
dev = ["pre-commit", "tox"]

[[package]]
category = "main"
description = "psycopg2 - Python-PostgreSQL Database Adapter"
name = "psycopg2-binary"
optional = false
python-versions = ">=2.7,!=3.0.*,!=3.1.*,!=3.2.*,!=3.3.*"
version = "2.8.4"

[[package]]
category = "dev"
description = "library with cross-python path, ini-parsing, io, code, log facilities"
name = "py"
optional = false
python-versions = ">=2.7, !=3.0.*, !=3.1.*, !=3.2.*, !=3.3.*"
version = "1.8.1"

[[package]]
category = "main"
description = "Provides Currency and Money classes for use in your Python code."
name = "py-moneyed"
optional = false
python-versions = "*"
version = "0.8.0"

[package.extras]
tests = ["pytest (>=2.3.0)", "tox (>=1.6.0)"]

[[package]]
category = "dev"
description = "Python style guide checker"
name = "pycodestyle"
optional = false
python-versions = ">=2.7, !=3.0.*, !=3.1.*, !=3.2.*, !=3.3.*"
version = "2.5.0"

[[package]]
category = "main"
description = "C parser in Python"
name = "pycparser"
optional = false
python-versions = ">=2.7, !=3.0.*, !=3.1.*, !=3.2.*, !=3.3.*"
version = "2.19"

[[package]]
category = "dev"
description = "passive checker of Python programs"
name = "pyflakes"
optional = false
python-versions = ">=2.7, !=3.0.*, !=3.1.*, !=3.2.*, !=3.3.*"
version = "2.1.1"

[[package]]
category = "dev"
description = "pytest: simple powerful testing with Python"
name = "pytest"
optional = false
python-versions = ">=2.7, !=3.0.*, !=3.1.*, !=3.2.*, !=3.3.*"
version = "3.10.1"

[package.dependencies]
atomicwrites = ">=1.0"
attrs = ">=17.4.0"
colorama = "*"
more-itertools = ">=4.0.0"
pluggy = ">=0.7"
py = ">=1.5.0"
setuptools = "*"
six = ">=1.10.0"

[[package]]
category = "main"
description = "Extensions to the standard Python datetime module"
name = "python-dateutil"
optional = false
python-versions = "!=3.0.*,!=3.1.*,!=3.2.*,>=2.7"
version = "2.8.1"

[package.dependencies]
six = ">=1.5"

[[package]]
category = "main"
description = "File type identification using libmagic"
name = "python-magic"
optional = false
python-versions = "*"
version = "0.4.15"

[[package]]
category = "main"
description = "World timezone definitions, modern and historical"
name = "pytz"
optional = false
python-versions = "*"
version = "2019.3"

[[package]]
category = "main"
description = "Python HTTP for Humans."
name = "requests"
optional = false
python-versions = ">=2.7, !=3.0.*, !=3.1.*, !=3.2.*, !=3.3.*, !=3.4.*"
version = "2.22.0"

[package.dependencies]
certifi = ">=2017.4.17"
chardet = ">=3.0.2,<3.1.0"
idna = ">=2.5,<2.9"
urllib3 = ">=1.21.1,<1.25.0 || >1.25.0,<1.25.1 || >1.25.1,<1.26"

[package.extras]
security = ["pyOpenSSL (>=0.14)", "cryptography (>=1.3.4)", "idna (>=2.0.0)"]
socks = ["PySocks (>=1.5.6,<1.5.7 || >1.5.7)", "win-inet-pton"]

[[package]]
category = "main"
description = "Python client for Sentry (https://getsentry.com)"
name = "sentry-sdk"
optional = false
python-versions = "*"
version = "0.14.0"

[package.dependencies]
certifi = "*"
urllib3 = ">=1.10.0"

[package.extras]
aiohttp = ["aiohttp (>=3.5)"]
beam = ["beam (>=2.12)"]
bottle = ["bottle (>=0.12.13)"]
celery = ["celery (>=3)"]
django = ["django (>=1.8)"]
falcon = ["falcon (>=1.4)"]
flask = ["flask (>=0.11)", "blinker (>=1.1)"]
pyspark = ["pyspark (>=2.4.4)"]
rq = ["0.6"]
sanic = ["sanic (>=0.8)"]
sqlalchemy = ["sqlalchemy (>=1.2)"]
tornado = ["tornado (>=5)"]

[[package]]
category = "main"
description = "Python 2 and 3 compatibility utilities"
name = "six"
optional = false
python-versions = ">=2.7, !=3.0.*, !=3.1.*, !=3.2.*"
version = "1.14.0"

[[package]]
category = "main"
description = "SparkPost Python API client"
name = "sparkpost"
optional = false
python-versions = "*"
version = "1.3.6"

[package.dependencies]
requests = ">=2.5.1"

[[package]]
category = "main"
description = "Non-validating SQL parser"
name = "sqlparse"
optional = false
python-versions = ">=2.7, !=3.0.*, !=3.1.*, !=3.2.*, !=3.3.*"
version = "0.3.0"

[[package]]
category = "main"
description = "Format agnostic tabular data library (XLS, JSON, YAML, CSV)"
name = "tablib"
optional = false
python-versions = ">=3.5"
version = "1.0.0"

[package.dependencies]
[package.dependencies.openpyxl]
optional = true
version = ">=2.4.0"

[package.extras]
all = ["markuppy", "odfpy", "openpyxl (>=2.4.0)", "pandas", "pyyaml", "tabulate", "xlrd", "xlwt"]
cli = ["tabulate"]
html = ["markuppy"]
ods = ["odfpy"]
pandas = ["pandas"]
xls = ["xlrd", "xlwt"]
xlsx = ["openpyxl (>=2.4.0)"]
yaml = ["pyyaml"]

[[package]]
category = "dev"
description = "Python Library for Tom's Obvious, Minimal Language"
name = "toml"
optional = false
python-versions = "*"
version = "0.10.0"

[[package]]
category = "main"
description = "HTTP library with thread-safe connection pooling, file post, and more."
name = "urllib3"
optional = false
python-versions = ">=2.7, !=3.0.*, !=3.1.*, !=3.2.*, !=3.3.*, <4"
version = "1.25.7"

[package.extras]
brotli = ["brotlipy (>=0.6.0)"]
secure = ["pyOpenSSL (>=0.14)", "cryptography (>=1.3.4)", "idna (>=2.0.0)", "certifi", "ipaddress"]
socks = ["PySocks (>=1.5.6,<1.5.7 || >1.5.7,<2.0)"]

[[package]]
category = "main"
description = "The uWSGI server"
name = "uwsgi"
optional = false
python-versions = "*"
version = "2.0.18"

[[package]]
category = "dev"
description = "Backport of pathlib-compatible object wrapper for zip files"
marker = "python_version < \"3.8\""
name = "zipp"
optional = false
python-versions = ">=2.7"
version = "1.0.0"

[package.dependencies]
more-itertools = "*"

[package.extras]
docs = ["sphinx", "jaraco.packaging (>=3.2)", "rst.linker (>=1.9)"]
testing = ["pathlib2", "contextlib2", "unittest2"]

[metadata]
content-hash = "12f27ad874efd3f0f6bc61ad5faaf5fa59f143f6411a9f25a7cde1b1409a3e97"
python-versions = "^3.7"

[metadata.files]
appdirs = [
    {file = "appdirs-1.4.3-py2.py3-none-any.whl", hash = "sha256:d8b24664561d0d34ddfaec54636d502d7cea6e29c3eaf68f3df6180863e2166e"},
    {file = "appdirs-1.4.3.tar.gz", hash = "sha256:9e5896d1372858f8dd3344faf4e5014d21849c756c8d5701f78f8a103b372d92"},
]
argon2-cffi = [
    {file = "argon2-cffi-19.2.0.tar.gz", hash = "sha256:ffaa623eea77b497ffbdd1a51e941b33d3bf552c60f14dbee274c4070677bda3"},
    {file = "argon2_cffi-19.2.0-cp27-cp27m-macosx_10_6_intel.whl", hash = "sha256:5335f4caae27c00097bdd17c6a07a0ef32f47364cff3141451229c481f82abc6"},
    {file = "argon2_cffi-19.2.0-cp27-cp27m-manylinux1_x86_64.whl", hash = "sha256:73976c0b9d0fc847f967835fce93a9d1c07bf7422f74de2316e25ef6d59ee07e"},
    {file = "argon2_cffi-19.2.0-cp27-cp27m-win32.whl", hash = "sha256:f2c7f3cd5fe6770fa21ee3d4bb7ba0e1c207e18ead511d912cbf9571c598c345"},
    {file = "argon2_cffi-19.2.0-cp27-cp27m-win_amd64.whl", hash = "sha256:0abe0ab4f3ba927367812a5c345dc6ae7d58129e0c47732746da8058cccdfd55"},
    {file = "argon2_cffi-19.2.0-cp27-cp27mu-manylinux1_x86_64.whl", hash = "sha256:27cb7791793a854ca9f9de5cc62e93c1a7812d11d600ef3ca14fe93ae7426799"},
    {file = "argon2_cffi-19.2.0-cp34-abi3-macosx_10_6_intel.whl", hash = "sha256:00e94a65d46c3f6f2ffab769e860efc21f77e55bd8fcdfde422bd07c632b3fcc"},
    {file = "argon2_cffi-19.2.0-cp34-abi3-manylinux1_x86_64.whl", hash = "sha256:49ec16a14e8182ed63daa5d7a13d12da6bfc46eebaac4b238c8d15533b621cf0"},
    {file = "argon2_cffi-19.2.0-cp34-cp34m-win32.whl", hash = "sha256:748b565d4006a7e9f2b71f9d6ff660b4e150cc38faa29ca1b64b58e238c013b0"},
    {file = "argon2_cffi-19.2.0-cp34-cp34m-win_amd64.whl", hash = "sha256:0920cfe813cd82e85c4fa84c8a01801a7cb376a8ed8267a1608e70a886953ac7"},
    {file = "argon2_cffi-19.2.0-cp35-cp35m-win32.whl", hash = "sha256:f79045e7673d72ed0f33d78a5e104702f989eb1a0e0eb0ab5534cebc9cdb9142"},
    {file = "argon2_cffi-19.2.0-cp35-cp35m-win_amd64.whl", hash = "sha256:e09d644829887c956478db83c47d1ad26f167b8f08e2ccebc6b78e59aeca60b5"},
    {file = "argon2_cffi-19.2.0-cp36-cp36m-win32.whl", hash = "sha256:246860c7955aa614518a19277b06dda34902c54535aefd9220d07c774391890e"},
    {file = "argon2_cffi-19.2.0-cp36-cp36m-win_amd64.whl", hash = "sha256:13082f670904dcb7f4ef39216139ace2d981f9050a8f3766e566f845e8c634fc"},
    {file = "argon2_cffi-19.2.0-cp37-cp37m-win32.whl", hash = "sha256:184fee11f483b9168a32afaea8064abe464c1bb090d320f64f3609f1bbbdb691"},
    {file = "argon2_cffi-19.2.0-cp37-cp37m-win_amd64.whl", hash = "sha256:e27488da690afac92e87cb61ba9cf9a22bff790413f55655ad017456cd58f22c"},
    {file = "argon2_cffi-19.2.0-cp38-cp38-win32.whl", hash = "sha256:72fae6bf37c25fdb9b4d30c2b9d658a72ac775249dd132ab3ac03adde619dc14"},
    {file = "argon2_cffi-19.2.0-cp38-cp38-win_amd64.whl", hash = "sha256:61d2b16c08ce5c24f91d2d2917c2300a90bb78672060876a335e1014727ced57"},
]
asgiref = [
    {file = "asgiref-3.2.3-py2.py3-none-any.whl", hash = "sha256:ea448f92fc35a0ef4b1508f53a04c4670255a3f33d22a81c8fc9c872036adbe5"},
    {file = "asgiref-3.2.3.tar.gz", hash = "sha256:7e06d934a7718bf3975acbf87780ba678957b87c7adc056f13b6215d610695a0"},
]
atomicwrites = [
    {file = "atomicwrites-1.3.0-py2.py3-none-any.whl", hash = "sha256:03472c30eb2c5d1ba9227e4c2ca66ab8287fbfbbda3888aa93dc2e28fc6811b4"},
    {file = "atomicwrites-1.3.0.tar.gz", hash = "sha256:75a9445bac02d8d058d5e1fe689654ba5a6556a1dfd8ce6ec55a0ed79866cfa6"},
]
attrs = [
    {file = "attrs-19.3.0-py2.py3-none-any.whl", hash = "sha256:08a96c641c3a74e44eb59afb61a24f2cb9f4d7188748e76ba4bb5edfa3cb7d1c"},
    {file = "attrs-19.3.0.tar.gz", hash = "sha256:f7b7ce16570fe9965acd6d30101a28f62fb4a7f9e926b3bbc9b61f8b04247e72"},
]
black = [
    {file = "black-18.9b0-py36-none-any.whl", hash = "sha256:817243426042db1d36617910df579a54f1afd659adb96fc5032fcf4b36209739"},
    {file = "black-18.9b0.tar.gz", hash = "sha256:e030a9a28f542debc08acceb273f228ac422798e5215ba2a791a6ddeaaca22a5"},
]
certifi = [
    {file = "certifi-2019.11.28-py2.py3-none-any.whl", hash = "sha256:017c25db2a153ce562900032d5bc68e9f191e44e9a0f762f373977de9df1fbb3"},
    {file = "certifi-2019.11.28.tar.gz", hash = "sha256:25b64c7da4cd7479594d035c08c2d809eb4aab3a26e5a990ea98cc450c320f1f"},
]
cffi = [
    {file = "cffi-1.13.2-cp27-cp27m-macosx_10_6_intel.whl", hash = "sha256:3c9fff570f13480b201e9ab69453108f6d98244a7f495e91b6c654a47486ba43"},
    {file = "cffi-1.13.2-cp27-cp27m-manylinux1_i686.whl", hash = "sha256:2c5e309ec482556397cb21ede0350c5e82f0eb2621de04b2633588d118da4396"},
    {file = "cffi-1.13.2-cp27-cp27m-manylinux1_x86_64.whl", hash = "sha256:19db0cdd6e516f13329cba4903368bff9bb5a9331d3410b1b448daaadc495e54"},
    {file = "cffi-1.13.2-cp27-cp27m-win32.whl", hash = "sha256:5c4fae4e9cdd18c82ba3a134be256e98dc0596af1e7285a3d2602c97dcfa5159"},
    {file = "cffi-1.13.2-cp27-cp27m-win_amd64.whl", hash = "sha256:32a262e2b90ffcfdd97c7a5e24a6012a43c61f1f5a57789ad80af1d26c6acd97"},
    {file = "cffi-1.13.2-cp27-cp27mu-manylinux1_i686.whl", hash = "sha256:4a43c91840bda5f55249413037b7a9b79c90b1184ed504883b72c4df70778579"},
    {file = "cffi-1.13.2-cp27-cp27mu-manylinux1_x86_64.whl", hash = "sha256:8169cf44dd8f9071b2b9248c35fc35e8677451c52f795daa2bb4643f32a540bc"},
    {file = "cffi-1.13.2-cp34-cp34m-macosx_10_6_intel.whl", hash = "sha256:71a608532ab3bd26223c8d841dde43f3516aa5d2bf37b50ac410bb5e99053e8f"},
    {file = "cffi-1.13.2-cp34-cp34m-manylinux1_i686.whl", hash = "sha256:7f627141a26b551bdebbc4855c1157feeef18241b4b8366ed22a5c7d672ef858"},
    {file = "cffi-1.13.2-cp34-cp34m-manylinux1_x86_64.whl", hash = "sha256:0b49274afc941c626b605fb59b59c3485c17dc776dc3cc7cc14aca74cc19cc42"},
    {file = "cffi-1.13.2-cp34-cp34m-win32.whl", hash = "sha256:4424e42199e86b21fc4db83bd76909a6fc2a2aefb352cb5414833c030f6ed71b"},
    {file = "cffi-1.13.2-cp34-cp34m-win_amd64.whl", hash = "sha256:7d4751da932caaec419d514eaa4215eaf14b612cff66398dd51129ac22680b20"},
    {file = "cffi-1.13.2-cp35-cp35m-macosx_10_6_intel.whl", hash = "sha256:ccb032fda0873254380aa2bfad2582aedc2959186cce61e3a17abc1a55ff89c3"},
    {file = "cffi-1.13.2-cp35-cp35m-manylinux1_i686.whl", hash = "sha256:dcd65317dd15bc0451f3e01c80da2216a31916bdcffd6221ca1202d96584aa25"},
    {file = "cffi-1.13.2-cp35-cp35m-manylinux1_x86_64.whl", hash = "sha256:135f69aecbf4517d5b3d6429207b2dff49c876be724ac0c8bf8e1ea99df3d7e5"},
    {file = "cffi-1.13.2-cp35-cp35m-win32.whl", hash = "sha256:7b93a885bb13073afb0aa73ad82059a4c41f4b7d8eb8368980448b52d4c7dc2c"},
    {file = "cffi-1.13.2-cp35-cp35m-win_amd64.whl", hash = "sha256:e570d3ab32e2c2861c4ebe6ffcad6a8abf9347432a37608fe1fbd157b3f0036b"},
    {file = "cffi-1.13.2-cp36-cp36m-macosx_10_6_intel.whl", hash = "sha256:0e3ea92942cb1168e38c05c1d56b0527ce31f1a370f6117f1d490b8dcd6b3a04"},
    {file = "cffi-1.13.2-cp36-cp36m-manylinux1_i686.whl", hash = "sha256:5ecfa867dea6fabe2a58f03ac9186ea64da1386af2159196da51c4904e11d652"},
    {file = "cffi-1.13.2-cp36-cp36m-manylinux1_x86_64.whl", hash = "sha256:291f7c42e21d72144bb1c1b2e825ec60f46d0a7468f5346841860454c7aa8f57"},
    {file = "cffi-1.13.2-cp36-cp36m-win32.whl", hash = "sha256:62f2578358d3a92e4ab2d830cd1c2049c9c0d0e6d3c58322993cc341bdeac22e"},
    {file = "cffi-1.13.2-cp36-cp36m-win_amd64.whl", hash = "sha256:fd43a88e045cf992ed09fa724b5315b790525f2676883a6ea64e3263bae6549d"},
    {file = "cffi-1.13.2-cp37-cp37m-macosx_10_6_intel.whl", hash = "sha256:d75c461e20e29afc0aee7172a0950157c704ff0dd51613506bd7d82b718e7410"},
    {file = "cffi-1.13.2-cp37-cp37m-manylinux1_i686.whl", hash = "sha256:aa00d66c0fab27373ae44ae26a66a9e43ff2a678bf63a9c7c1a9a4d61172827a"},
    {file = "cffi-1.13.2-cp37-cp37m-manylinux1_x86_64.whl", hash = "sha256:2e9c80a8c3344a92cb04661115898a9129c074f7ab82011ef4b612f645939f12"},
    {file = "cffi-1.13.2-cp37-cp37m-win32.whl", hash = "sha256:d754f39e0d1603b5b24a7f8484b22d2904fa551fe865fd0d4c3332f078d20d4e"},
    {file = "cffi-1.13.2-cp37-cp37m-win_amd64.whl", hash = "sha256:6471a82d5abea994e38d2c2abc77164b4f7fbaaf80261cb98394d5793f11b12a"},
    {file = "cffi-1.13.2-cp38-cp38-macosx_10_9_x86_64.whl", hash = "sha256:74a1d8c85fb6ff0b30fbfa8ad0ac23cd601a138f7509dc617ebc65ef305bb98d"},
    {file = "cffi-1.13.2-cp38-cp38-manylinux1_i686.whl", hash = "sha256:42194f54c11abc8583417a7cf4eaff544ce0de8187abaf5d29029c91b1725ad3"},
    {file = "cffi-1.13.2-cp38-cp38-manylinux1_x86_64.whl", hash = "sha256:415bdc7ca8c1c634a6d7163d43fb0ea885a07e9618a64bda407e04b04333b7db"},
    {file = "cffi-1.13.2-cp38-cp38-win32.whl", hash = "sha256:6d4f18483d040e18546108eb13b1dfa1000a089bcf8529e30346116ea6240506"},
    {file = "cffi-1.13.2-cp38-cp38-win_amd64.whl", hash = "sha256:2781e9ad0e9d47173c0093321bb5435a9dfae0ed6a762aabafa13108f5f7b2ba"},
    {file = "cffi-1.13.2.tar.gz", hash = "sha256:599a1e8ff057ac530c9ad1778293c665cb81a791421f46922d80a86473c13346"},
]
chardet = [
    {file = "chardet-3.0.4-py2.py3-none-any.whl", hash = "sha256:fc323ffcaeaed0e0a02bf4d117757b98aed530d9ed4531e3e15460124c106691"},
    {file = "chardet-3.0.4.tar.gz", hash = "sha256:84ab92ed1c4d4f16916e05906b6b75a6c0fb5db821cc65e70cbd64a3e2a5eaae"},
]
click = [
    {file = "Click-7.0-py2.py3-none-any.whl", hash = "sha256:2335065e6395b9e67ca716de5f7526736bfa6ceead690adf616d925bdc622b13"},
    {file = "Click-7.0.tar.gz", hash = "sha256:5b94b49521f6456670fdb30cd82a4eca9412788a93fa6dd6df72c94d5a8ff2d7"},
]
colorama = [
    {file = "colorama-0.4.3-py2.py3-none-any.whl", hash = "sha256:7d73d2a99753107a36ac6b455ee49046802e59d9d076ef8e47b61499fa29afff"},
    {file = "colorama-0.4.3.tar.gz", hash = "sha256:e96da0d330793e2cb9485e9ddfd918d456036c7149416295932478192f4436a1"},
]
cryptography = [
    {file = "cryptography-2.8-cp27-cp27m-macosx_10_6_intel.whl", hash = "sha256:fb81c17e0ebe3358486cd8cc3ad78adbae58af12fc2bf2bc0bb84e8090fa5ce8"},
    {file = "cryptography-2.8-cp27-cp27m-manylinux1_x86_64.whl", hash = "sha256:44ff04138935882fef7c686878e1c8fd80a723161ad6a98da31e14b7553170c2"},
    {file = "cryptography-2.8-cp27-cp27m-manylinux2010_x86_64.whl", hash = "sha256:369d2346db5934345787451504853ad9d342d7f721ae82d098083e1f49a582ad"},
    {file = "cryptography-2.8-cp27-cp27m-win32.whl", hash = "sha256:df6b4dca2e11865e6cfbfb708e800efb18370f5a46fd601d3755bc7f85b3a8a2"},
    {file = "cryptography-2.8-cp27-cp27m-win_amd64.whl", hash = "sha256:7f09806ed4fbea8f51585231ba742b58cbcfbfe823ea197d8c89a5e433c7e912"},
    {file = "cryptography-2.8-cp27-cp27mu-manylinux1_x86_64.whl", hash = "sha256:58363dbd966afb4f89b3b11dfb8ff200058fbc3b947507675c19ceb46104b48d"},
    {file = "cryptography-2.8-cp27-cp27mu-manylinux2010_x86_64.whl", hash = "sha256:6ec280fb24d27e3d97aa731e16207d58bd8ae94ef6eab97249a2afe4ba643d42"},
    {file = "cryptography-2.8-cp34-abi3-macosx_10_6_intel.whl", hash = "sha256:b43f53f29816ba1db8525f006fa6f49292e9b029554b3eb56a189a70f2a40879"},
    {file = "cryptography-2.8-cp34-abi3-manylinux1_x86_64.whl", hash = "sha256:7270a6c29199adc1297776937a05b59720e8a782531f1f122f2eb8467f9aab4d"},
    {file = "cryptography-2.8-cp34-abi3-manylinux2010_x86_64.whl", hash = "sha256:de96157ec73458a7f14e3d26f17f8128c959084931e8997b9e655a39c8fde9f9"},
    {file = "cryptography-2.8-cp34-cp34m-win32.whl", hash = "sha256:02079a6addc7b5140ba0825f542c0869ff4df9a69c360e339ecead5baefa843c"},
    {file = "cryptography-2.8-cp34-cp34m-win_amd64.whl", hash = "sha256:b0de590a8b0979649ebeef8bb9f54394d3a41f66c5584fff4220901739b6b2f0"},
    {file = "cryptography-2.8-cp35-cp35m-win32.whl", hash = "sha256:ecadccc7ba52193963c0475ac9f6fa28ac01e01349a2ca48509667ef41ffd2cf"},
    {file = "cryptography-2.8-cp35-cp35m-win_amd64.whl", hash = "sha256:90df0cc93e1f8d2fba8365fb59a858f51a11a394d64dbf3ef844f783844cc793"},
    {file = "cryptography-2.8-cp36-cp36m-win32.whl", hash = "sha256:1df22371fbf2004c6f64e927668734070a8953362cd8370ddd336774d6743595"},
    {file = "cryptography-2.8-cp36-cp36m-win_amd64.whl", hash = "sha256:a518c153a2b5ed6b8cc03f7ae79d5ffad7315ad4569b2d5333a13c38d64bd8d7"},
    {file = "cryptography-2.8-cp37-cp37m-win32.whl", hash = "sha256:4b1030728872c59687badcca1e225a9103440e467c17d6d1730ab3d2d64bfeff"},
    {file = "cryptography-2.8-cp37-cp37m-win_amd64.whl", hash = "sha256:d31402aad60ed889c7e57934a03477b572a03af7794fa8fb1780f21ea8f6551f"},
    {file = "cryptography-2.8-cp38-cp38-win32.whl", hash = "sha256:73fd30c57fa2d0a1d7a49c561c40c2f79c7d6c374cc7750e9ac7c99176f6428e"},
    {file = "cryptography-2.8-cp38-cp38-win_amd64.whl", hash = "sha256:971221ed40f058f5662a604bd1ae6e4521d84e6cad0b7b170564cc34169c8f13"},
    {file = "cryptography-2.8.tar.gz", hash = "sha256:3cda1f0ed8747339bbdf71b9f38ca74c7b592f24f65cdb3ab3765e4b02871651"},
]
django = [
    {file = "Django-3.0.2-py3-none-any.whl", hash = "sha256:4f2c913303be4f874015993420bf0bd8fd2097a9c88e6b49c6a92f9bdd3fb13a"},
    {file = "Django-3.0.2.tar.gz", hash = "sha256:8c3575f81e11390893860d97e1e0154c47512f180ea55bd84ce8fa69ba8051ca"},
]
django-countries = [
    {file = "django-countries-5.5.tar.gz", hash = "sha256:1cefad9ec804d6a0318b91c5394b5aef00336755928f44d0a6420507719d65c8"},
    {file = "django_countries-5.5-py2.py3-none-any.whl", hash = "sha256:22e96236101783cfe5222ef5174972242a7e8176336d119a4dc111aedce35897"},
]
django-debug-toolbar = [
    {file = "django-debug-toolbar-2.1.tar.gz", hash = "sha256:24c157bc6c0e1648e0a6587511ecb1b007a00a354ce716950bff2de12693e7a8"},
    {file = "django_debug_toolbar-2.1-py3-none-any.whl", hash = "sha256:77cfba1d6e91b9bc3d36dc7dc74a9bb80be351948db5f880f2562a0cbf20b6c5"},
]
django-environ = [
    {file = "django-environ-0.4.5.tar.gz", hash = "sha256:6c9d87660142608f63ec7d5ce5564c49b603ea8ff25da595fd6098f6dc82afde"},
    {file = "django_environ-0.4.5-py2.py3-none-any.whl", hash = "sha256:c57b3c11ec1f319d9474e3e5a79134f40174b17c7cc024bbb2fad84646b120c4"},
]
django-filter = [
    {file = "django-filter-2.2.0.tar.gz", hash = "sha256:c3deb57f0dd7ff94d7dce52a047516822013e2b441bed472b722a317658cfd14"},
    {file = "django_filter-2.2.0-py3-none-any.whl", hash = "sha256:558c727bce3ffa89c4a7a0b13bc8976745d63e5fd576b3a9a851650ef11c401b"},
]
django-js-asset = [
    {file = "django-js-asset-1.2.2.tar.gz", hash = "sha256:c163ae80d2e0b22d8fb598047cd0dcef31f81830e127cfecae278ad574167260"},
    {file = "django_js_asset-1.2.2-py2.py3-none-any.whl", hash = "sha256:8ec12017f26eec524cab436c64ae73033368a372970af4cf42d9354fcb166bdd"},
]
django-money = [
    {file = "django-money-1.0.tar.gz", hash = "sha256:8c035466a3e5df735fba2ab608f0753ff9e26f90424ce15e151b87cef28f391c"},
    {file = "django_money-1.0-py3-none-any.whl", hash = "sha256:fe6e683ac76e3bc66522d6c89e0da563681af79f4fd7b5a8117101b9656b51b1"},
]
django-mptt = [
    {file = "django-mptt-0.10.0.tar.gz", hash = "sha256:c765c1501dd0b5c22f0ca8b948550bd294cd2db68aefa0560c6ed7fcfdf4b95e"},
    {file = "django_mptt-0.10.0-py2.py3-none-any.whl", hash = "sha256:6bf9eb26e54e92006ca82108a1c946c7df533ec27bddf3f795a83a32a3d1b04b"},
]
django-rest-auth = [
    {file = "django-rest-auth-0.9.5.tar.gz", hash = "sha256:f11e12175dafeed772f50d740d22caeab27e99a3caca24ec65e66a8d6de16571"},
]
django-rest-knox = [
    {file = "django-rest-knox-4.1.0.tar.gz", hash = "sha256:4a57b05b04fcccc41fcc969ad0e3f180467d7045b45003b58f5a437d6d3370d4"},
    {file = "django_rest_knox-4.1.0-py2-none-any.whl", hash = "sha256:f7dac2f7a6ece7c1bd331bdb01dc3d16e0b340f3d1001a7285cc13b171d539a3"},
    {file = "django_rest_knox-4.1.0-py3-none-any.whl", hash = "sha256:e4ac93e6d7dd63af5b58ff19d7f197788a874e932464d77db5630f185365eac0"},
]
djangorestframework = [
    {file = "djangorestframework-3.11.0-py3-none-any.whl", hash = "sha256:05809fc66e1c997fd9a32ea5730d9f4ba28b109b9da71fccfa5ff241201fd0a4"},
    {file = "djangorestframework-3.11.0.tar.gz", hash = "sha256:e782087823c47a26826ee5b6fa0c542968219263fb3976ec3c31edab23a4001f"},
]
entrypoints = [
    {file = "entrypoints-0.3-py2.py3-none-any.whl", hash = "sha256:589f874b313739ad35be6e0cd7efde2a4e9b6fea91edcc34e58ecbb8dbe56d19"},
    {file = "entrypoints-0.3.tar.gz", hash = "sha256:c70dd71abe5a8c85e55e12c19bd91ccfeec11a6e99044204511f9ed547d48451"},
]
et-xmlfile = [
    {file = "et_xmlfile-1.0.1.tar.gz", hash = "sha256:614d9722d572f6246302c4491846d2c393c199cfa4edc9af593437691683335b"},
]
flake8 = [
    {file = "flake8-3.7.9-py2.py3-none-any.whl", hash = "sha256:49356e766643ad15072a789a20915d3c91dc89fd313ccd71802303fd67e4deca"},
    {file = "flake8-3.7.9.tar.gz", hash = "sha256:45681a117ecc81e870cbf1262835ae4af5e7a8b08e40b944a8a6e6b895914cfb"},
]
idna = [
    {file = "idna-2.8-py2.py3-none-any.whl", hash = "sha256:ea8b7f6188e6fa117537c3df7da9fc686d485087abf6ac197f9c46432f7e4a3c"},
    {file = "idna-2.8.tar.gz", hash = "sha256:c357b3f628cf53ae2c4c05627ecc484553142ca23264e593d327bcde5e9c3407"},
]
importlib-metadata = [
    {file = "importlib_metadata-1.4.0-py2.py3-none-any.whl", hash = "sha256:bdd9b7c397c273bcc9a11d6629a38487cd07154fa255a467bf704cd2c258e359"},
    {file = "importlib_metadata-1.4.0.tar.gz", hash = "sha256:f17c015735e1a88296994c0697ecea7e11db24290941983b08c9feb30921e6d8"},
]
jdcal = [
    {file = "jdcal-1.4.1-py2.py3-none-any.whl", hash = "sha256:1abf1305fce18b4e8aa248cf8fe0c56ce2032392bc64bbd61b5dff2a19ec8bba"},
    {file = "jdcal-1.4.1.tar.gz", hash = "sha256:472872e096eb8df219c23f2689fc336668bdb43d194094b5cc1707e1640acfc8"},
]
mccabe = [
    {file = "mccabe-0.6.1-py2.py3-none-any.whl", hash = "sha256:ab8a6258860da4b6677da4bd2fe5dc2c659cff31b3ee4f7f5d64e79735b80d42"},
    {file = "mccabe-0.6.1.tar.gz", hash = "sha256:dd8d182285a0fe56bace7f45b5e7d1a6ebcbf524e8f3bd87eb0f125271b8831f"},
]
more-itertools = [
    {file = "more-itertools-8.1.0.tar.gz", hash = "sha256:c468adec578380b6281a114cb8a5db34eb1116277da92d7c46f904f0b52d3288"},
    {file = "more_itertools-8.1.0-py3-none-any.whl", hash = "sha256:1a2a32c72400d365000412fe08eb4a24ebee89997c18d3d147544f70f5403b39"},
]
openpyxl = [
    {file = "openpyxl-3.0.3.tar.gz", hash = "sha256:547a9fc6aafcf44abe358b89ed4438d077e9d92e4f182c87e2dc294186dc4b64"},
]
pluggy = [
    {file = "pluggy-0.13.1-py2.py3-none-any.whl", hash = "sha256:966c145cd83c96502c3c3868f50408687b38434af77734af1e9ca461a4081d2d"},
    {file = "pluggy-0.13.1.tar.gz", hash = "sha256:15b2acde666561e1298d71b523007ed7364de07029219b604cf808bfa1c765b0"},
]
psycopg2-binary = [
    {file = "psycopg2-binary-2.8.4.tar.gz", hash = "sha256:3a2522b1d9178575acee4adf8fd9f979f9c0449b00b4164bb63c3475ea6528ed"},
    {file = "psycopg2_binary-2.8.4-cp27-cp27m-macosx_10_6_intel.macosx_10_9_intel.macosx_10_9_x86_64.macosx_10_10_intel.macosx_10_10_x86_64.whl", hash = "sha256:890167d5091279a27e2505ff0e1fb273f8c48c41d35c5b92adbf4af80e6b2ed6"},
    {file = "psycopg2_binary-2.8.4-cp27-cp27m-manylinux1_i686.whl", hash = "sha256:dbc5cd56fff1a6152ca59445178652756f4e509f672e49ccdf3d79c1043113a4"},
    {file = "psycopg2_binary-2.8.4-cp27-cp27m-manylinux1_x86_64.whl", hash = "sha256:7f42a8490c4fe854325504ce7a6e4796b207960dabb2cbafe3c3959cb00d1d7e"},
    {file = "psycopg2_binary-2.8.4-cp27-cp27m-win32.whl", hash = "sha256:8578d6b8192e4c805e85f187bc530d0f52ba86c39172e61cd51f68fddd648103"},
    {file = "psycopg2_binary-2.8.4-cp27-cp27m-win_amd64.whl", hash = "sha256:5dd90c5438b4f935c9d01fcbad3620253da89d19c1f5fca9158646407ed7df35"},
    {file = "psycopg2_binary-2.8.4-cp27-cp27mu-manylinux1_i686.whl", hash = "sha256:9aadff9032e967865f9778485571e93908d27dab21d0fdfdec0ca779bb6f8ad9"},
    {file = "psycopg2_binary-2.8.4-cp27-cp27mu-manylinux1_x86_64.whl", hash = "sha256:659c815b5b8e2a55193ede2795c1e2349b8011497310bb936da7d4745652823b"},
    {file = "psycopg2_binary-2.8.4-cp34-cp34m-manylinux1_i686.whl", hash = "sha256:2166e770cb98f02ed5ee2b0b569d40db26788e0bf2ec3ae1a0d864ea6f1d8309"},
    {file = "psycopg2_binary-2.8.4-cp34-cp34m-manylinux1_x86_64.whl", hash = "sha256:7e6e3c52e6732c219c07bd97fff6c088f8df4dae3b79752ee3a817e6f32e177e"},
    {file = "psycopg2_binary-2.8.4-cp34-cp34m-win32.whl", hash = "sha256:040234f8a4a8dfd692662a8308d78f63f31a97e1c42d2480e5e6810c48966a29"},
    {file = "psycopg2_binary-2.8.4-cp34-cp34m-win_amd64.whl", hash = "sha256:69b13fdf12878b10dc6003acc8d0abf3ad93e79813fd5f3812497c1c9fb9be49"},
    {file = "psycopg2_binary-2.8.4-cp35-cp35m-macosx_10_6_intel.macosx_10_9_intel.macosx_10_9_x86_64.macosx_10_10_intel.macosx_10_10_x86_64.whl", hash = "sha256:19dc39616850342a2a6db70559af55b22955f86667b5f652f40c0e99253d9881"},
    {file = "psycopg2_binary-2.8.4-cp35-cp35m-manylinux1_i686.whl", hash = "sha256:9f24f383a298a0c0f9b3113b982e21751a8ecde6615494a3f1470eb4a9d70e9e"},
    {file = "psycopg2_binary-2.8.4-cp35-cp35m-manylinux1_x86_64.whl", hash = "sha256:eaed1c65f461a959284649e37b5051224f4db6ebdc84e40b5e65f2986f101a08"},
    {file = "psycopg2_binary-2.8.4-cp35-cp35m-win32.whl", hash = "sha256:4c6717962247445b4f9e21c962ea61d2e884fc17df5ddf5e35863b016f8a1f03"},
    {file = "psycopg2_binary-2.8.4-cp35-cp35m-win_amd64.whl", hash = "sha256:84156313f258eafff716b2961644a4483a9be44a5d43551d554844d15d4d224e"},
    {file = "psycopg2_binary-2.8.4-cp36-cp36m-macosx_10_6_intel.macosx_10_9_intel.macosx_10_9_x86_64.macosx_10_10_intel.macosx_10_10_x86_64.whl", hash = "sha256:3b5deaa3ee7180585a296af33e14c9b18c218d148e735c7accf78130765a47e3"},
    {file = "psycopg2_binary-2.8.4-cp36-cp36m-manylinux1_i686.whl", hash = "sha256:5057669b6a66aa9ca118a2a860159f0ee3acf837eda937bdd2a64f3431361a2d"},
    {file = "psycopg2_binary-2.8.4-cp36-cp36m-manylinux1_x86_64.whl", hash = "sha256:afd96845e12638d2c44d213d4810a08f4dc4a563f9a98204b7428e567014b1cd"},
    {file = "psycopg2_binary-2.8.4-cp36-cp36m-win32.whl", hash = "sha256:a73021b44813b5c84eda4a3af5826dd72356a900bac9bd9dd1f0f81ee1c22c2f"},
    {file = "psycopg2_binary-2.8.4-cp36-cp36m-win_amd64.whl", hash = "sha256:407af6d7e46593415f216c7f56ba087a9a42bd6dc2ecb86028760aa45b802bd7"},
    {file = "psycopg2_binary-2.8.4-cp37-cp37m-macosx_10_6_intel.macosx_10_9_intel.macosx_10_9_x86_64.macosx_10_10_intel.macosx_10_10_x86_64.whl", hash = "sha256:3aa773580f85a28ffdf6f862e59cb5a3cc7ef6885121f2de3fca8d6ada4dbf3b"},
    {file = "psycopg2_binary-2.8.4-cp37-cp37m-manylinux1_i686.whl", hash = "sha256:eac8a3499754790187bb00574ab980df13e754777d346f85e0ff6df929bcd964"},
    {file = "psycopg2_binary-2.8.4-cp37-cp37m-manylinux1_x86_64.whl", hash = "sha256:7a1cb80e35e1ccea3e11a48afe65d38744a0e0bde88795cc56a4d05b6e4f9d70"},
    {file = "psycopg2_binary-2.8.4-cp37-cp37m-win32.whl", hash = "sha256:086f7e89ec85a6704db51f68f0dcae432eff9300809723a6e8782c41c2f48e03"},
    {file = "psycopg2_binary-2.8.4-cp37-cp37m-win_amd64.whl", hash = "sha256:b73ddf033d8cd4cc9dfed6324b1ad2a89ba52c410ef6877998422fcb9c23e3a8"},
    {file = "psycopg2_binary-2.8.4-cp38-cp38-macosx_10_9_x86_64.macosx_10_9_intel.macosx_10_10_intel.macosx_10_10_x86_64.whl", hash = "sha256:4c3c09fb674401f630626310bcaf6cd6285daf0d5e4c26d6e55ca26a2734e39b"},
    {file = "psycopg2_binary-2.8.4-cp38-cp38-manylinux1_i686.whl", hash = "sha256:18ca813fdb17bc1db73fe61b196b05dd1ca2165b884dd5ec5568877cabf9b039"},
    {file = "psycopg2_binary-2.8.4-cp38-cp38-manylinux1_x86_64.whl", hash = "sha256:50446fae5681fc99f87e505d4e77c9407e683ab60c555ec302f9ac9bffa61103"},
    {file = "psycopg2_binary-2.8.4-cp38-cp38-win32.whl", hash = "sha256:98e10634792ac0e9e7a92a76b4991b44c2325d3e7798270a808407355e7bb0a1"},
    {file = "psycopg2_binary-2.8.4-cp38-cp38-win_amd64.whl", hash = "sha256:b8f490f5fad1767a1331df1259763b3bad7d7af12a75b950c2843ba319b2415f"},
]
py = [
    {file = "py-1.8.1-py2.py3-none-any.whl", hash = "sha256:c20fdd83a5dbc0af9efd622bee9a5564e278f6380fffcacc43ba6f43db2813b0"},
    {file = "py-1.8.1.tar.gz", hash = "sha256:5e27081401262157467ad6e7f851b7aa402c5852dbcb3dae06768434de5752aa"},
]
py-moneyed = [
    {file = "py-moneyed-0.8.0.tar.gz", hash = "sha256:ec73795171919d537880a33c44d07fcdf0a5225e8368684fe02f0e75a6404742"},
    {file = "py_moneyed-0.8.0-py2.py3-none-any.whl", hash = "sha256:c6691b914a5e4b5b2335cf113620479a52cc82988c0e143435a7c5c7d60cd4ad"},
]
pycodestyle = [
    {file = "pycodestyle-2.5.0-py2.py3-none-any.whl", hash = "sha256:95a2219d12372f05704562a14ec30bc76b05a5b297b21a5dfe3f6fac3491ae56"},
    {file = "pycodestyle-2.5.0.tar.gz", hash = "sha256:e40a936c9a450ad81df37f549d676d127b1b66000a6c500caa2b085bc0ca976c"},
]
pycparser = [
    {file = "pycparser-2.19.tar.gz", hash = "sha256:a988718abfad80b6b157acce7bf130a30876d27603738ac39f140993246b25b3"},
]
pyflakes = [
    {file = "pyflakes-2.1.1-py2.py3-none-any.whl", hash = "sha256:17dbeb2e3f4d772725c777fabc446d5634d1038f234e77343108ce445ea69ce0"},
    {file = "pyflakes-2.1.1.tar.gz", hash = "sha256:d976835886f8c5b31d47970ed689944a0262b5f3afa00a5a7b4dc81e5449f8a2"},
]
pytest = [
    {file = "pytest-3.10.1-py2.py3-none-any.whl", hash = "sha256:3f193df1cfe1d1609d4c583838bea3d532b18d6160fd3f55c9447fdca30848ec"},
    {file = "pytest-3.10.1.tar.gz", hash = "sha256:e246cf173c01169b9617fc07264b7b1316e78d7a650055235d6d897bc80d9660"},
]
python-dateutil = [
    {file = "python-dateutil-2.8.1.tar.gz", hash = "sha256:73ebfe9dbf22e832286dafa60473e4cd239f8592f699aa5adaf10050e6e1823c"},
    {file = "python_dateutil-2.8.1-py2.py3-none-any.whl", hash = "sha256:75bb3f31ea686f1197762692a9ee6a7550b59fc6ca3a1f4b5d7e32fb98e2da2a"},
]
python-magic = [
    {file = "python-magic-0.4.15.tar.gz", hash = "sha256:f3765c0f582d2dfc72c15f3b5a82aecfae9498bd29ca840d72f37d7bd38bfcd5"},
    {file = "python_magic-0.4.15-py2.py3-none-any.whl", hash = "sha256:f2674dcfad52ae6c49d4803fa027809540b130db1dec928cfbb9240316831375"},
]
pytz = [
    {file = "pytz-2019.3-py2.py3-none-any.whl", hash = "sha256:1c557d7d0e871de1f5ccd5833f60fb2550652da6be2693c1e02300743d21500d"},
    {file = "pytz-2019.3.tar.gz", hash = "sha256:b02c06db6cf09c12dd25137e563b31700d3b80fcc4ad23abb7a315f2789819be"},
]
requests = [
    {file = "requests-2.22.0-py2.py3-none-any.whl", hash = "sha256:9cf5292fcd0f598c671cfc1e0d7d1a7f13bb8085e9a590f48c010551dc6c4b31"},
    {file = "requests-2.22.0.tar.gz", hash = "sha256:11e007a8a2aa0323f5a921e9e6a2d7e4e67d9877e85773fba9ba6419025cbeb4"},
]
sentry-sdk = [
    {file = "sentry-sdk-0.14.0.tar.gz", hash = "sha256:8e2d38dc58dc992280487e553ec3d97a424e4d179f4fad802ef3b08f64ccf4d8"},
    {file = "sentry_sdk-0.14.0-py2.py3-none-any.whl", hash = "sha256:9b59e155229ea7d46a52b5c025d8c3c6d591e9dd9bb5f5f47310b2bb430038a8"},
]
six = [
    {file = "six-1.14.0-py2.py3-none-any.whl", hash = "sha256:8f3cd2e254d8f793e7f3d6d9df77b92252b52637291d0f0da013c76ea2724b6c"},
    {file = "six-1.14.0.tar.gz", hash = "sha256:236bdbdce46e6e6a3d61a337c0f8b763ca1e8717c03b369e87a7ec7ce1319c0a"},
]
sparkpost = [
    {file = "sparkpost-1.3.6-py2.py3-none-any.whl", hash = "sha256:abaf5045d04d821f9c29c965d97173f52f6acc2051debca6f122ea7456cc1733"},
    {file = "sparkpost-1.3.6.tar.gz", hash = "sha256:75d1a408c7a581377ac9cc2cfef1de1249e49cb631921033cc3ff115b08c2c81"},
]
sqlparse = [
    {file = "sqlparse-0.3.0-py2.py3-none-any.whl", hash = "sha256:40afe6b8d4b1117e7dff5504d7a8ce07d9a1b15aeeade8a2d10f130a834f8177"},
    {file = "sqlparse-0.3.0.tar.gz", hash = "sha256:7c3dca29c022744e95b547e867cee89f4fce4373f3549ccd8797d8eb52cdb873"},
]
tablib = [
    {file = "tablib-1.0.0-py3-none-any.whl", hash = "sha256:02ef7d074763fb690f696f09b51448614388099bc3b685b118be24152259cf5a"},
    {file = "tablib-1.0.0.tar.gz", hash = "sha256:ff3172802e8dd7fb795867942f5238f6c90e2d4e90ad6233c1a796cdfc63bb35"},
]
toml = [
    {file = "toml-0.10.0-py2.7.egg", hash = "sha256:f1db651f9657708513243e61e6cc67d101a39bad662eaa9b5546f789338e07a3"},
    {file = "toml-0.10.0-py2.py3-none-any.whl", hash = "sha256:235682dd292d5899d361a811df37e04a8828a5b1da3115886b73cf81ebc9100e"},
    {file = "toml-0.10.0.tar.gz", hash = "sha256:229f81c57791a41d65e399fc06bf0848bab550a9dfd5ed66df18ce5f05e73d5c"},
]
urllib3 = [
    {file = "urllib3-1.25.7-py2.py3-none-any.whl", hash = "sha256:a8a318824cc77d1fd4b2bec2ded92646630d7fe8619497b142c84a9e6f5a7293"},
    {file = "urllib3-1.25.7.tar.gz", hash = "sha256:f3c5fd51747d450d4dcf6f923c81f78f811aab8205fda64b0aba34a4e48b0745"},
]
uwsgi = [
    {file = "uwsgi-2.0.18.tar.gz", hash = "sha256:4972ac538800fb2d421027f49b4a1869b66048839507ccf0aa2fda792d99f583"},
]
zipp = [
    {file = "zipp-1.0.0-py2.py3-none-any.whl", hash = "sha256:8dda78f06bd1674bd8720df8a50bb47b6e1233c503a4eed8e7810686bde37656"},
    {file = "zipp-1.0.0.tar.gz", hash = "sha256:d38fbe01bbf7a3593a32bc35a9c4453c32bc42b98c377f9bff7e9f8da157786c"},
]
